
Microsoft Visual Studio Solution File, Format Version 12.00
# Visual Studio Version 17
VisualStudioVersion = 17.0.31903.59
MinimumVisualStudioVersion = 10.0.40219.1
Project("{2150E333-8FDC-42A3-9474-1A3956D46DE8}") = "src", "src", "{BE7BADF2-14C7-4C61-9279-5E62BEF2E250}"
EndProject
Project("{FAE04EC0-301F-11D3-BF4B-00C04F79EFBC}") = "Atlas.Dna", "src\Atlas.Dna\Atlas.Dna.csproj", "{08795D7A-3947-4D1E-B585-EBE12BDEB640}"
EndProject
Project("{2150E333-8FDC-42A3-9474-1A3956D46DE8}") = "tests", "tests", "{375726EB-6E16-411B-999C-7B12B7DA5A29}"
EndProject
Project("{FAE04EC0-301F-11D3-BF4B-00C04F79EFBC}") = "Atlas.Dna.Tests", "tests\Atlas.Dna.Tests\Atlas.Dna.Tests.csproj", "{5F52E817-4390-48BA-B24C-13C07DD8F837}"
EndProject
Project("{2150E333-8FDC-42A3-9474-1A3956D46DE8}") = "common", "common", "{A9EE5AFB-7222-4665-9AF7-9C55CBDBB998}"
	ProjectSection(SolutionItems) = preProject
		README.md = README.md
	EndProjectSection
EndProject
Global
	GlobalSection(SolutionConfigurationPlatforms) = preSolution
		Debug|Any CPU = Debug|Any CPU
		Release|Any CPU = Release|Any CPU
	EndGlobalSection
	GlobalSection(ProjectConfigurationPlatforms) = postSolution
		{08795D7A-3947-4D1E-B585-EBE12BDEB640}.Debug|Any CPU.ActiveCfg = Debug|Any CPU
		{08795D7A-3947-4D1E-B585-EBE12BDEB640}.Debug|Any CPU.Build.0 = Debug|Any CPU
		{08795D7A-3947-4D1E-B585-EBE12BDEB640}.Release|Any CPU.ActiveCfg = Release|Any CPU
		{08795D7A-3947-4D1E-B585-EBE12BDEB640}.Release|Any CPU.Build.0 = Release|Any CPU
		{5F52E817-4390-48BA-B24C-13C07DD8F837}.Debug|Any CPU.ActiveCfg = Debug|Any CPU
		{5F52E817-4390-48BA-B24C-13C07DD8F837}.Debug|Any CPU.Build.0 = Debug|Any CPU
		{5F52E817-4390-48BA-B24C-13C07DD8F837}.Release|Any CPU.ActiveCfg = Release|Any CPU
		{5F52E817-4390-48BA-B24C-13C07DD8F837}.Release|Any CPU.Build.0 = Release|Any CPU
	EndGlobalSection
	GlobalSection(SolutionProperties) = preSolution
		HideSolutionNode = FALSE
	EndGlobalSection
	GlobalSection(NestedProjects) = preSolution
		{08795D7A-3947-4D1E-B585-EBE12BDEB640} = {BE7BADF2-14C7-4C61-9279-5E62BEF2E250}
		{5F52E817-4390-48BA-B24C-13C07DD8F837} = {375726EB-6E16-411B-999C-7B12B7DA5A29}
	EndGlobalSection
EndGlobal
