
Microsoft Visual Studio Solution File, Format Version 12.00
# Visual Studio Version 17
VisualStudioVersion = 17.0.31903.59
MinimumVisualStudioVersion = 10.0.40219.1
Project("{2150E333-8FDC-42A3-9474-1A3956D46DE8}") = "src", "src", "{BE7BADF2-14C7-4C61-9279-5E62BEF2E250}"
EndProject
Project("{FAE04EC0-301F-11D3-BF4B-00C04F79EFBC}") = "Atlas.Dna", "src\Atlas.Dna\Atlas.Dna.csproj", "{08795D7A-3947-4D1E-B585-EBE12BDEB640}"
EndProject
Global
	GlobalSection(SolutionConfigurationPlatforms) = preSolution
		Debug|Any CPU = Debug|Any CPU
		Release|Any CPU = Release|Any CPU
	EndGlobalSection
	GlobalSection(SolutionProperties) = preSolution
		HideSolutionNode = FALSE
	EndGlobalSection
	GlobalSection(ProjectConfigurationPlatforms) = postSolution
		{08795D7A-3947-4D1E-B585-EBE12BDEB640}.Debug|Any CPU.ActiveCfg = Debug|Any CPU
		{08795D7A-3947-4D1E-B585-EBE12BDEB640}.Debug|Any CPU.Build.0 = Debug|Any CPU
		{08795D7A-3947-4D1E-B585-EBE12BDEB640}.Release|Any CPU.ActiveCfg = Release|Any CPU
		{08795D7A-3947-4D1E-B585-EBE12BDEB640}.Release|Any CPU.Build.0 = Release|Any CPU
	EndGlobalSection
	GlobalSection(NestedProjects) = preSolution
		{08795D7A-3947-4D1E-B585-EBE12BDEB640} = {BE7BADF2-14C7-4C61-9279-5E62BEF2E250}
	EndGlobalSection
EndGlobal
